// !$*UTF8*$!
{
	archiveVersion = 1;
	classes = {
	};
	objectVersion = 46;
	objects = {

/* Begin PBXBuildFile section */
		94153E741A924C5B0068BC4B /* CertDataStore.m in Sources */ = {isa = PBXBuildFile; fileRef = 94153E731A924C5B0068BC4B /* CertDataStore.m */; };
		9449B8DB1A9350490075CD97 /* FSHandler.m in Sources */ = {isa = PBXBuildFile; fileRef = 9449B8DA1A9350490075CD97 /* FSHandler.m */; };
		9449B8DE1A93697C0075CD97 /* NSData+SHA1.m in Sources */ = {isa = PBXBuildFile; fileRef = 9449B8DD1A93697C0075CD97 /* NSData+SHA1.m */; };
		9449B8E61A93A7450075CD97 /* untrusted.png in Resources */ = {isa = PBXBuildFile; fileRef = 9449B8E31A93A7450075CD97 /* untrusted.png */; };
		9449B8E71A93A7450075CD97 /* untrusted@2x.png in Resources */ = {isa = PBXBuildFile; fileRef = 9449B8E41A93A7450075CD97 /* untrusted@2x.png */; };
		9449B8E81A93A7450075CD97 /* untrusted@3x.png in Resources */ = {isa = PBXBuildFile; fileRef = 9449B8E51A93A7450075CD97 /* untrusted@3x.png */; };
		946E2E841A1AD24C00FE227C /* main.m in Sources */ = {isa = PBXBuildFile; fileRef = 946E2E831A1AD24C00FE227C /* main.m */; };
		946E2E9E1A1AD24C00FE227C /* CertManagerTests.m in Sources */ = {isa = PBXBuildFile; fileRef = 946E2E9D1A1AD24C00FE227C /* CertManagerTests.m */; };
		946E2EB11A1AD2A500FE227C /* AppDelegate.m in Sources */ = {isa = PBXBuildFile; fileRef = 946E2EAA1A1AD2A500FE227C /* AppDelegate.m */; };
		946E2EB21A1AD2A500FE227C /* OTATrustUtilities.c in Sources */ = {isa = PBXBuildFile; fileRef = 946E2EAB1A1AD2A500FE227C /* OTATrustUtilities.c */; };
		946E2EB31A1AD2A500FE227C /* SecTrustServer.c in Sources */ = {isa = PBXBuildFile; fileRef = 946E2EAC1A1AD2A500FE227C /* SecTrustServer.c */; };
		946E2EB51A1AD2A500FE227C /* X509Wrapper.m in Sources */ = {isa = PBXBuildFile; fileRef = 946E2EB01A1AD2A500FE227C /* X509Wrapper.m */; };
		946E2EBD1A1AD2E000FE227C /* libcrypto.a in Frameworks */ = {isa = PBXBuildFile; fileRef = 946E2EBB1A1AD2D800FE227C /* libcrypto.a */; };
		946E2EBE1A1AD2E200FE227C /* libssl.a in Frameworks */ = {isa = PBXBuildFile; fileRef = 946E2EBC1A1AD2D800FE227C /* libssl.a */; };
		9470C8721A9C86BD00906059 /* libsubstrate.dylib in Frameworks */ = {isa = PBXBuildFile; fileRef = 9470C8711A9C86BD00906059 /* libsubstrate.dylib */; };
		9470C8741A9C86D900906059 /* substrate.h in Frameworks */ = {isa = PBXBuildFile; fileRef = 9470C8731A9C86D900906059 /* substrate.h */; };
		9492AE431A92216F00582A99 /* Makefile in Sources */ = {isa = PBXBuildFile; fileRef = 9492AE421A92216F00582A99 /* Makefile */; };
		9492AE451A92217B00582A99 /* control in Resources */ = {isa = PBXBuildFile; fileRef = 9492AE441A92217B00582A99 /* control */; };
		9492AE481A9222C500582A99 /* TableViewController.m in Sources */ = {isa = PBXBuildFile; fileRef = 9492AE471A9222C500582A99 /* TableViewController.m */; };
		9492AE551A92243500582A99 /* icon.png in Resources */ = {isa = PBXBuildFile; fileRef = 9492AE4D1A92243500582A99 /* icon.png */; };
		9492AE561A92243500582A99 /* Info.plist in Resources */ = {isa = PBXBuildFile; fileRef = 9492AE4E1A92243500582A99 /* Info.plist */; };
		9492AE581A92243500582A99 /* LaunchScreen.xib in Resources */ = {isa = PBXBuildFile; fileRef = 9492AE501A92243500582A99 /* LaunchScreen.xib */; };
		9492AE591A92243500582A99 /* trusted.png in Resources */ = {isa = PBXBuildFile; fileRef = 9492AE511A92243500582A99 /* trusted.png */; };
		9492AE5A1A92243500582A99 /* trusted@2x.png in Resources */ = {isa = PBXBuildFile; fileRef = 9492AE521A92243500582A99 /* trusted@2x.png */; };
		9492AE5B1A92243500582A99 /* trusted@3x.png in Resources */ = {isa = PBXBuildFile; fileRef = 9492AE531A92243500582A99 /* trusted@3x.png */; };
		9492AE5C1A92243500582A99 /* University_of_Surrey_coat_of_arms.png in Resources */ = {isa = PBXBuildFile; fileRef = 9492AE541A92243500582A99 /* University_of_Surrey_coat_of_arms.png */; };
		94D4AAA31A9B8F240049640A /* BulletinBoard.framework in Frameworks */ = {isa = PBXBuildFile; fileRef = 94D4AAA21A9B8F240049640A /* BulletinBoard.framework */; };
/* End PBXBuildFile section */

/* Begin PBXContainerItemProxy section */
		946E2E981A1AD24C00FE227C /* PBXContainerItemProxy */ = {
			isa = PBXContainerItemProxy;
			containerPortal = 946E2E761A1AD24C00FE227C /* Project object */;
			proxyType = 1;
			remoteGlobalIDString = 946E2E7D1A1AD24C00FE227C;
			remoteInfo = CertManager;
		};
		94E803E31A9E0CAE00E99CBF /* PBXContainerItemProxy */ = {
			isa = PBXContainerItemProxy;
			containerPortal = 94E803DE1A9E0CAD00E99CBF /* CertBrowser.xcodeproj */;
			proxyType = 2;
			remoteGlobalIDString = 94E803B21A9E0CAC00E99CBF;
			remoteInfo = CertBrowser;
		};
		94E803E51A9E0CAE00E99CBF /* PBXContainerItemProxy */ = {
			isa = PBXContainerItemProxy;
			containerPortal = 94E803DE1A9E0CAD00E99CBF /* CertBrowser.xcodeproj */;
			proxyType = 2;
			remoteGlobalIDString = 94E803CE1A9E0CAD00E99CBF;
			remoteInfo = CertBrowserTests;
		};
/* End PBXContainerItemProxy section */

/* Begin PBXFileReference section */
		94153E6F1A924C200068BC4B /* CertDataStore.h */ = {isa = PBXFileReference; fileEncoding = 4; lastKnownFileType = sourcecode.c.h; path = CertDataStore.h; sourceTree = "<group>"; };
		94153E731A924C5B0068BC4B /* CertDataStore.m */ = {isa = PBXFileReference; fileEncoding = 4; lastKnownFileType = sourcecode.c.objc; path = CertDataStore.m; sourceTree = "<group>"; };
		9436F0BC1A9B4C940006C332 /* TableCellSwitch.h */ = {isa = PBXFileReference; fileEncoding = 4; lastKnownFileType = sourcecode.c.h; path = TableCellSwitch.h; sourceTree = "<group>"; };
		9449B8D91A9350490075CD97 /* FSHandler.h */ = {isa = PBXFileReference; fileEncoding = 4; lastKnownFileType = sourcecode.c.h; path = FSHandler.h; sourceTree = "<group>"; };
		9449B8DA1A9350490075CD97 /* FSHandler.m */ = {isa = PBXFileReference; fileEncoding = 4; lastKnownFileType = sourcecode.c.objc; path = FSHandler.m; sourceTree = "<group>"; };
		9449B8DC1A9368420075CD97 /* NSData+SHA1.h */ = {isa = PBXFileReference; fileEncoding = 4; lastKnownFileType = sourcecode.c.h; path = "NSData+SHA1.h"; sourceTree = "<group>"; };
		9449B8DD1A93697C0075CD97 /* NSData+SHA1.m */ = {isa = PBXFileReference; fileEncoding = 4; lastKnownFileType = sourcecode.c.objc; path = "NSData+SHA1.m"; sourceTree = "<group>"; };
		9449B8E31A93A7450075CD97 /* untrusted.png */ = {isa = PBXFileReference; lastKnownFileType = image.png; path = untrusted.png; sourceTree = "<group>"; };
		9449B8E41A93A7450075CD97 /* untrusted@2x.png */ = {isa = PBXFileReference; lastKnownFileType = image.png; path = "untrusted@2x.png"; sourceTree = "<group>"; };
		9449B8E51A93A7450075CD97 /* untrusted@3x.png */ = {isa = PBXFileReference; lastKnownFileType = image.png; path = "untrusted@3x.png"; sourceTree = "<group>"; };
		9452E2061A94E34900C8A737 /* CertHook.mm */ = {isa = PBXFileReference; fileEncoding = 4; lastKnownFileType = sourcecode.cpp.objcpp; path = CertHook.mm; sourceTree = "<group>"; };
		9452E2071A94E34900C8A737 /* Makefile */ = {isa = PBXFileReference; fileEncoding = 4; lastKnownFileType = sourcecode.make; path = Makefile; sourceTree = "<group>"; };
		946E2E7E1A1AD24C00FE227C /* CertManager.app */ = {isa = PBXFileReference; explicitFileType = wrapper.application; includeInIndex = 0; path = CertManager.app; sourceTree = BUILT_PRODUCTS_DIR; };
		946E2E821A1AD24C00FE227C /* Info.plist */ = {isa = PBXFileReference; lastKnownFileType = text.plist.xml; path = Info.plist; sourceTree = "<group>"; };
		946E2E831A1AD24C00FE227C /* main.m */ = {isa = PBXFileReference; lastKnownFileType = sourcecode.c.objc; path = main.m; sourceTree = "<group>"; };
		946E2E971A1AD24C00FE227C /* CertManagerTests.xctest */ = {isa = PBXFileReference; explicitFileType = wrapper.cfbundle; includeInIndex = 0; path = CertManagerTests.xctest; sourceTree = BUILT_PRODUCTS_DIR; };
		946E2E9C1A1AD24C00FE227C /* Info.plist */ = {isa = PBXFileReference; lastKnownFileType = text.plist.xml; path = Info.plist; sourceTree = "<group>"; };
		946E2E9D1A1AD24C00FE227C /* CertManagerTests.m */ = {isa = PBXFileReference; lastKnownFileType = sourcecode.c.objc; path = CertManagerTests.m; sourceTree = "<group>"; };
		946E2EA91A1AD2A500FE227C /* AppDelegate.h */ = {isa = PBXFileReference; fileEncoding = 4; lastKnownFileType = sourcecode.c.h; path = AppDelegate.h; sourceTree = "<group>"; };
		946E2EAA1A1AD2A500FE227C /* AppDelegate.m */ = {isa = PBXFileReference; fileEncoding = 4; lastKnownFileType = sourcecode.c.objc; path = AppDelegate.m; sourceTree = "<group>"; };
		946E2EAB1A1AD2A500FE227C /* OTATrustUtilities.c */ = {isa = PBXFileReference; fileEncoding = 4; lastKnownFileType = sourcecode.c.c; path = OTATrustUtilities.c; sourceTree = "<group>"; };
		946E2EAC1A1AD2A500FE227C /* SecTrustServer.c */ = {isa = PBXFileReference; fileEncoding = 4; lastKnownFileType = sourcecode.c.c; path = SecTrustServer.c; sourceTree = "<group>"; };
		946E2EB01A1AD2A500FE227C /* X509Wrapper.m */ = {isa = PBXFileReference; fileEncoding = 4; lastKnownFileType = sourcecode.c.objc; path = X509Wrapper.m; sourceTree = "<group>"; };
		946E2EBB1A1AD2D800FE227C /* libcrypto.a */ = {isa = PBXFileReference; lastKnownFileType = archive.ar; path = libcrypto.a; sourceTree = "<group>"; };
		946E2EBC1A1AD2D800FE227C /* libssl.a */ = {isa = PBXFileReference; lastKnownFileType = archive.ar; path = libssl.a; sourceTree = "<group>"; };
		9470C8711A9C86BD00906059 /* libsubstrate.dylib */ = {isa = PBXFileReference; lastKnownFileType = "compiled.mach-o.dylib"; name = libsubstrate.dylib; path = CertManager/theos/lib/libsubstrate.dylib; sourceTree = "<group>"; };
		9470C8731A9C86D900906059 /* substrate.h */ = {isa = PBXFileReference; lastKnownFileType = sourcecode.c.h; name = substrate.h; path = CertManager/theos/include/substrate.h; sourceTree = "<group>"; };
		948F7B021A977436002764B5 /* NSData+SHA1.h */ = {isa = PBXFileReference; fileEncoding = 4; lastKnownFileType = sourcecode.c.h; path = "NSData+SHA1.h"; sourceTree = "<group>"; };
		948F7B031A977436002764B5 /* NSData+SHA1.m */ = {isa = PBXFileReference; fileEncoding = 4; lastKnownFileType = sourcecode.c.objc; path = "NSData+SHA1.m"; sourceTree = "<group>"; };
		9492AE421A92216F00582A99 /* Makefile */ = {isa = PBXFileReference; fileEncoding = 4; lastKnownFileType = sourcecode.make; path = Makefile; sourceTree = "<group>"; };
		9492AE441A92217B00582A99 /* control */ = {isa = PBXFileReference; fileEncoding = 4; lastKnownFileType = text; path = control; sourceTree = "<group>"; };
		9492AE461A9222C500582A99 /* TableViewController.h */ = {isa = PBXFileReference; fileEncoding = 4; lastKnownFileType = sourcecode.c.h; path = TableViewController.h; sourceTree = "<group>"; };
		9492AE471A9222C500582A99 /* TableViewController.m */ = {isa = PBXFileReference; fileEncoding = 4; lastKnownFileType = sourcecode.c.objc; path = TableViewController.m; sourceTree = "<group>"; };
		9492AE4D1A92243500582A99 /* icon.png */ = {isa = PBXFileReference; lastKnownFileType = image.png; path = icon.png; sourceTree = "<group>"; };
		9492AE4E1A92243500582A99 /* Info.plist */ = {isa = PBXFileReference; fileEncoding = 4; lastKnownFileType = text.plist.xml; path = Info.plist; sourceTree = "<group>"; };
		9492AE501A92243500582A99 /* LaunchScreen.xib */ = {isa = PBXFileReference; fileEncoding = 4; lastKnownFileType = file.xib; path = LaunchScreen.xib; sourceTree = "<group>"; };
		9492AE511A92243500582A99 /* trusted.png */ = {isa = PBXFileReference; lastKnownFileType = image.png; path = trusted.png; sourceTree = "<group>"; };
		9492AE521A92243500582A99 /* trusted@2x.png */ = {isa = PBXFileReference; lastKnownFileType = image.png; path = "trusted@2x.png"; sourceTree = "<group>"; };
		9492AE531A92243500582A99 /* trusted@3x.png */ = {isa = PBXFileReference; lastKnownFileType = image.png; path = "trusted@3x.png"; sourceTree = "<group>"; };
		9492AE541A92243500582A99 /* University_of_Surrey_coat_of_arms.png */ = {isa = PBXFileReference; lastKnownFileType = image.png; path = University_of_Surrey_coat_of_arms.png; sourceTree = "<group>"; };
		9492AE601A92475C00582A99 /* X509Wrapper.h */ = {isa = PBXFileReference; fileEncoding = 4; lastKnownFileType = sourcecode.c.h; path = X509Wrapper.h; sourceTree = "<group>"; };
		9492AE631A92495A00582A99 /* blacklist.plist */ = {isa = PBXFileReference; fileEncoding = 4; lastKnownFileType = text.plist.xml; path = blacklist.plist; sourceTree = "<group>"; };
		94D4AAA21A9B8F240049640A /* BulletinBoard.framework */ = {isa = PBXFileReference; lastKnownFileType = wrapper.framework; name = BulletinBoard.framework; path = ../../../../Developer/BulletinBoard.framework; sourceTree = "<group>"; };
		94E803DE1A9E0CAD00E99CBF /* CertBrowser.xcodeproj */ = {isa = PBXFileReference; lastKnownFileType = "wrapper.pb-project"; name = CertBrowser.xcodeproj; path = CertBrowser/CertBrowser.xcodeproj; sourceTree = "<group>"; };
/* End PBXFileReference section */

/* Begin PBXFrameworksBuildPhase section */
		946E2E7B1A1AD24C00FE227C /* Frameworks */ = {
			isa = PBXFrameworksBuildPhase;
			buildActionMask = 2147483647;
			files = (
				9470C8741A9C86D900906059 /* substrate.h in Frameworks */,
				9470C8721A9C86BD00906059 /* libsubstrate.dylib in Frameworks */,
				94D4AAA31A9B8F240049640A /* BulletinBoard.framework in Frameworks */,
				946E2EBD1A1AD2E000FE227C /* libcrypto.a in Frameworks */,
				946E2EBE1A1AD2E200FE227C /* libssl.a in Frameworks */,
			);
			runOnlyForDeploymentPostprocessing = 0;
		};
		946E2E941A1AD24C00FE227C /* Frameworks */ = {
			isa = PBXFrameworksBuildPhase;
			buildActionMask = 2147483647;
			files = (
			);
			runOnlyForDeploymentPostprocessing = 0;
		};
/* End PBXFrameworksBuildPhase section */

/* Begin PBXGroup section */
		9449B8E21A937E130075CD97 /* Categories */ = {
			isa = PBXGroup;
			children = (
				9449B8DC1A9368420075CD97 /* NSData+SHA1.h */,
				9449B8DD1A93697C0075CD97 /* NSData+SHA1.m */,
			);
			name = Categories;
			sourceTree = "<group>";
		};
		9452E2021A94E2E100C8A737 /* CertHook */ = {
			isa = PBXGroup;
			children = (
				9452E2061A94E34900C8A737 /* CertHook.mm */,
				948F7B021A977436002764B5 /* NSData+SHA1.h */,
				948F7B031A977436002764B5 /* NSData+SHA1.m */,
				9452E2071A94E34900C8A737 /* Makefile */,
			);
			name = CertHook;
			path = CertManager/CertHook;
			sourceTree = "<group>";
		};
		946E2E751A1AD24C00FE227C = {
			isa = PBXGroup;
			children = (
				94E803DE1A9E0CAD00E99CBF /* CertBrowser.xcodeproj */,
				9452E2021A94E2E100C8A737 /* CertHook */,
				946E2E801A1AD24C00FE227C /* CertManager */,
				946E2E9A1A1AD24C00FE227C /* CertManagerTests */,
				946E2E7F1A1AD24C00FE227C /* Products */,
				946E2EC51A1AD56F00FE227C /* Frameworks */,
			);
			sourceTree = "<group>";
		};
		946E2E7F1A1AD24C00FE227C /* Products */ = {
			isa = PBXGroup;
			children = (
				946E2E7E1A1AD24C00FE227C /* CertManager.app */,
				946E2E971A1AD24C00FE227C /* CertManagerTests.xctest */,
			);
			name = Products;
			sourceTree = "<group>";
		};
		946E2E801A1AD24C00FE227C /* CertManager */ = {
			isa = PBXGroup;
			children = (
				9492AE441A92217B00582A99 /* control */,
				9492AE421A92216F00582A99 /* Makefile */,
				946E2EA91A1AD2A500FE227C /* AppDelegate.h */,
				946E2EAA1A1AD2A500FE227C /* AppDelegate.m */,
				9492AE461A9222C500582A99 /* TableViewController.h */,
				9492AE471A9222C500582A99 /* TableViewController.m */,
				94153E6F1A924C200068BC4B /* CertDataStore.h */,
				94153E731A924C5B0068BC4B /* CertDataStore.m */,
				9449B8D91A9350490075CD97 /* FSHandler.h */,
				9449B8DA1A9350490075CD97 /* FSHandler.m */,
				9436F0BC1A9B4C940006C332 /* TableCellSwitch.h */,
				9449B8E21A937E130075CD97 /* Categories */,
				9492AE5D1A9238A100582A99 /* Security */,
				9492AE4C1A92243500582A99 /* Resources */,
				946E2E811A1AD24C00FE227C /* Supporting Files */,
			);
			path = CertManager;
			sourceTree = "<group>";
		};
		946E2E811A1AD24C00FE227C /* Supporting Files */ = {
			isa = PBXGroup;
			children = (
				946E2E821A1AD24C00FE227C /* Info.plist */,
				946E2E831A1AD24C00FE227C /* main.m */,
			);
			name = "Supporting Files";
			sourceTree = "<group>";
		};
		946E2E9A1A1AD24C00FE227C /* CertManagerTests */ = {
			isa = PBXGroup;
			children = (
				946E2E9D1A1AD24C00FE227C /* CertManagerTests.m */,
				946E2E9B1A1AD24C00FE227C /* Supporting Files */,
			);
			path = CertManagerTests;
			sourceTree = "<group>";
		};
		946E2E9B1A1AD24C00FE227C /* Supporting Files */ = {
			isa = PBXGroup;
			children = (
				946E2E9C1A1AD24C00FE227C /* Info.plist */,
			);
			name = "Supporting Files";
			sourceTree = "<group>";
		};
		946E2EBA1A1AD2D800FE227C /* OpenSSL */ = {
			isa = PBXGroup;
			children = (
				946E2EBB1A1AD2D800FE227C /* libcrypto.a */,
				946E2EBC1A1AD2D800FE227C /* libssl.a */,
			);
			name = OpenSSL;
			path = "../../../../Developer/OpenSSL-for-iPhone/lib";
			sourceTree = "<group>";
		};
		946E2EC51A1AD56F00FE227C /* Frameworks */ = {
			isa = PBXGroup;
			children = (
				9470C8731A9C86D900906059 /* substrate.h */,
				9470C8711A9C86BD00906059 /* libsubstrate.dylib */,
				94D4AAA21A9B8F240049640A /* BulletinBoard.framework */,
				946E2EBA1A1AD2D800FE227C /* OpenSSL */,
			);
			name = Frameworks;
			sourceTree = "<group>";
		};
		9492AE4C1A92243500582A99 /* Resources */ = {
			isa = PBXGroup;
			children = (
				9449B8E31A93A7450075CD97 /* untrusted.png */,
				9449B8E41A93A7450075CD97 /* untrusted@2x.png */,
				9449B8E51A93A7450075CD97 /* untrusted@3x.png */,
				9492AE631A92495A00582A99 /* blacklist.plist */,
				9492AE4D1A92243500582A99 /* icon.png */,
				9492AE4E1A92243500582A99 /* Info.plist */,
				9492AE501A92243500582A99 /* LaunchScreen.xib */,
				9492AE511A92243500582A99 /* trusted.png */,
				9492AE521A92243500582A99 /* trusted@2x.png */,
				9492AE531A92243500582A99 /* trusted@3x.png */,
				9492AE541A92243500582A99 /* University_of_Surrey_coat_of_arms.png */,
			);
			path = Resources;
			sourceTree = "<group>";
		};
		9492AE5D1A9238A100582A99 /* Security */ = {
			isa = PBXGroup;
			children = (
				946E2EAB1A1AD2A500FE227C /* OTATrustUtilities.c */,
				946E2EAC1A1AD2A500FE227C /* SecTrustServer.c */,
				9492AE601A92475C00582A99 /* X509Wrapper.h */,
				946E2EB01A1AD2A500FE227C /* X509Wrapper.m */,
			);
			name = Security;
			sourceTree = "<group>";
		};
		94E803DF1A9E0CAD00E99CBF /* Products */ = {
			isa = PBXGroup;
			children = (
				94E803E41A9E0CAE00E99CBF /* CertBrowser.app */,
				94E803E61A9E0CAE00E99CBF /* CertBrowserTests.xctest */,
			);
			name = Products;
			sourceTree = "<group>";
		};
/* End PBXGroup section */

/* Begin PBXNativeTarget section */
		946E2E7D1A1AD24C00FE227C /* CertManager */ = {
			isa = PBXNativeTarget;
			buildConfigurationList = 946E2EA11A1AD24C00FE227C /* Build configuration list for PBXNativeTarget "CertManager" */;
			buildPhases = (
				946E2E7A1A1AD24C00FE227C /* Sources */,
				946E2E7B1A1AD24C00FE227C /* Frameworks */,
				946E2E7C1A1AD24C00FE227C /* Resources */,
			);
			buildRules = (
			);
			dependencies = (
			);
			name = CertManager;
			productName = CertManager;
			productReference = 946E2E7E1A1AD24C00FE227C /* CertManager.app */;
			productType = "com.apple.product-type.application";
		};
		946E2E961A1AD24C00FE227C /* CertManagerTests */ = {
			isa = PBXNativeTarget;
			buildConfigurationList = 946E2EA41A1AD24C00FE227C /* Build configuration list for PBXNativeTarget "CertManagerTests" */;
			buildPhases = (
				946E2E931A1AD24C00FE227C /* Sources */,
				946E2E941A1AD24C00FE227C /* Frameworks */,
				946E2E951A1AD24C00FE227C /* Resources */,
			);
			buildRules = (
			);
			dependencies = (
				946E2E991A1AD24C00FE227C /* PBXTargetDependency */,
			);
			name = CertManagerTests;
			productName = CertManagerTests;
			productReference = 946E2E971A1AD24C00FE227C /* CertManagerTests.xctest */;
			productType = "com.apple.product-type.bundle.unit-test";
		};
/* End PBXNativeTarget section */

/* Begin PBXProject section */
		946E2E761A1AD24C00FE227C /* Project object */ = {
			isa = PBXProject;
			attributes = {
				LastUpgradeCheck = 0610;
				ORGANIZATIONNAME = "Ryan Burke";
				TargetAttributes = {
					946E2E7D1A1AD24C00FE227C = {
						CreatedOnToolsVersion = 6.1;
						DevelopmentTeam = 43CC4S8JL3;
					};
					946E2E961A1AD24C00FE227C = {
						CreatedOnToolsVersion = 6.1;
						TestTargetID = 946E2E7D1A1AD24C00FE227C;
					};
				};
			};
			buildConfigurationList = 946E2E791A1AD24C00FE227C /* Build configuration list for PBXProject "CertManager" */;
			compatibilityVersion = "Xcode 3.2";
			developmentRegion = English;
			hasScannedForEncodings = 0;
			knownRegions = (
				en,
				Base,
			);
			mainGroup = 946E2E751A1AD24C00FE227C;
			productRefGroup = 946E2E7F1A1AD24C00FE227C /* Products */;
			projectDirPath = "";
			projectReferences = (
				{
					ProductGroup = 94E803DF1A9E0CAD00E99CBF /* Products */;
					ProjectRef = 94E803DE1A9E0CAD00E99CBF /* CertBrowser.xcodeproj */;
				},
			);
			projectRoot = "";
			targets = (
				946E2E7D1A1AD24C00FE227C /* CertManager */,
				946E2E961A1AD24C00FE227C /* CertManagerTests */,
			);
		};
/* End PBXProject section */

/* Begin PBXReferenceProxy section */
		94E803E41A9E0CAE00E99CBF /* CertBrowser.app */ = {
			isa = PBXReferenceProxy;
			fileType = wrapper.application;
			path = CertBrowser.app;
			remoteRef = 94E803E31A9E0CAE00E99CBF /* PBXContainerItemProxy */;
			sourceTree = BUILT_PRODUCTS_DIR;
		};
		94E803E61A9E0CAE00E99CBF /* CertBrowserTests.xctest */ = {
			isa = PBXReferenceProxy;
			fileType = wrapper.cfbundle;
			path = CertBrowserTests.xctest;
			remoteRef = 94E803E51A9E0CAE00E99CBF /* PBXContainerItemProxy */;
			sourceTree = BUILT_PRODUCTS_DIR;
		};
/* End PBXReferenceProxy section */

/* Begin PBXResourcesBuildPhase section */
		946E2E7C1A1AD24C00FE227C /* Resources */ = {
			isa = PBXResourcesBuildPhase;
			buildActionMask = 2147483647;
			files = (
				9449B8E81A93A7450075CD97 /* untrusted@3x.png in Resources */,
				9492AE5C1A92243500582A99 /* University_of_Surrey_coat_of_arms.png in Resources */,
				9492AE561A92243500582A99 /* Info.plist in Resources */,
				9492AE451A92217B00582A99 /* control in Resources */,
				9492AE581A92243500582A99 /* LaunchScreen.xib in Resources */,
				9449B8E61A93A7450075CD97 /* untrusted.png in Resources */,
				9449B8E71A93A7450075CD97 /* untrusted@2x.png in Resources */,
				9492AE551A92243500582A99 /* icon.png in Resources */,
				9492AE5A1A92243500582A99 /* trusted@2x.png in Resources */,
				9492AE5B1A92243500582A99 /* trusted@3x.png in Resources */,
				9492AE591A92243500582A99 /* trusted.png in Resources */,
			);
			runOnlyForDeploymentPostprocessing = 0;
		};
		946E2E951A1AD24C00FE227C /* Resources */ = {
			isa = PBXResourcesBuildPhase;
			buildActionMask = 2147483647;
			files = (
			);
			runOnlyForDeploymentPostprocessing = 0;
		};
/* End PBXResourcesBuildPhase section */

/* Begin PBXSourcesBuildPhase section */
		946E2E7A1A1AD24C00FE227C /* Sources */ = {
			isa = PBXSourcesBuildPhase;
			buildActionMask = 2147483647;
			files = (
				946E2EB11A1AD2A500FE227C /* AppDelegate.m in Sources */,
				9449B8DB1A9350490075CD97 /* FSHandler.m in Sources */,
				946E2EB51A1AD2A500FE227C /* X509Wrapper.m in Sources */,
				946E2EB31A1AD2A500FE227C /* SecTrustServer.c in Sources */,
				946E2EB21A1AD2A500FE227C /* OTATrustUtilities.c in Sources */,
				946E2E841A1AD24C00FE227C /* main.m in Sources */,
				9492AE481A9222C500582A99 /* TableViewController.m in Sources */,
				9492AE431A92216F00582A99 /* Makefile in Sources */,
				94153E741A924C5B0068BC4B /* CertDataStore.m in Sources */,
				9449B8DE1A93697C0075CD97 /* NSData+SHA1.m in Sources */,
			);
			runOnlyForDeploymentPostprocessing = 0;
		};
		946E2E931A1AD24C00FE227C /* Sources */ = {
			isa = PBXSourcesBuildPhase;
			buildActionMask = 2147483647;
			files = (
				946E2E9E1A1AD24C00FE227C /* CertManagerTests.m in Sources */,
			);
			runOnlyForDeploymentPostprocessing = 0;
		};
/* End PBXSourcesBuildPhase section */

/* Begin PBXTargetDependency section */
		946E2E991A1AD24C00FE227C /* PBXTargetDependency */ = {
			isa = PBXTargetDependency;
			target = 946E2E7D1A1AD24C00FE227C /* CertManager */;
			targetProxy = 946E2E981A1AD24C00FE227C /* PBXContainerItemProxy */;
		};
/* End PBXTargetDependency section */

/* Begin XCBuildConfiguration section */
		946E2E9F1A1AD24C00FE227C /* Debug */ = {
			isa = XCBuildConfiguration;
			buildSettings = {
				ALWAYS_SEARCH_USER_PATHS = NO;
				CLANG_CXX_LANGUAGE_STANDARD = "gnu++0x";
				CLANG_CXX_LIBRARY = "libc++";
				CLANG_ENABLE_MODULES = YES;
				CLANG_ENABLE_OBJC_ARC = YES;
				CLANG_WARN_BOOL_CONVERSION = YES;
				CLANG_WARN_CONSTANT_CONVERSION = YES;
				CLANG_WARN_DIRECT_OBJC_ISA_USAGE = YES_ERROR;
				CLANG_WARN_EMPTY_BODY = YES;
				CLANG_WARN_ENUM_CONVERSION = YES;
				CLANG_WARN_INT_CONVERSION = YES;
				CLANG_WARN_OBJC_ROOT_CLASS = YES_ERROR;
				CLANG_WARN_UNREACHABLE_CODE = YES;
				CLANG_WARN__DUPLICATE_METHOD_MATCH = YES;
				"CODE_SIGN_IDENTITY[sdk=iphoneos*]" = "iPhone Developer";
				COPY_PHASE_STRIP = NO;
				ENABLE_STRICT_OBJC_MSGSEND = YES;
				GCC_C_LANGUAGE_STANDARD = gnu99;
				GCC_DYNAMIC_NO_PIC = NO;
				GCC_OPTIMIZATION_LEVEL = 0;
				GCC_PREPROCESSOR_DEFINITIONS = (
					"DEBUG=1",
					"$(inherited)",
				);
				GCC_SYMBOLS_PRIVATE_EXTERN = NO;
				GCC_WARN_64_TO_32_BIT_CONVERSION = YES;
				GCC_WARN_ABOUT_RETURN_TYPE = YES_ERROR;
				GCC_WARN_UNDECLARED_SELECTOR = YES;
				GCC_WARN_UNINITIALIZED_AUTOS = YES_AGGRESSIVE;
				GCC_WARN_UNUSED_FUNCTION = YES;
				GCC_WARN_UNUSED_VARIABLE = YES;
				IPHONEOS_DEPLOYMENT_TARGET = 8.1;
				MTL_ENABLE_DEBUG_INFO = YES;
				ONLY_ACTIVE_ARCH = YES;
				SDKROOT = iphoneos8.1;
				TARGETED_DEVICE_FAMILY = "1,2";
			};
			name = Debug;
		};
		946E2EA01A1AD24C00FE227C /* Release */ = {
			isa = XCBuildConfiguration;
			buildSettings = {
				ALWAYS_SEARCH_USER_PATHS = NO;
				CLANG_CXX_LANGUAGE_STANDARD = "gnu++0x";
				CLANG_CXX_LIBRARY = "libc++";
				CLANG_ENABLE_MODULES = YES;
				CLANG_ENABLE_OBJC_ARC = YES;
				CLANG_WARN_BOOL_CONVERSION = YES;
				CLANG_WARN_CONSTANT_CONVERSION = YES;
				CLANG_WARN_DIRECT_OBJC_ISA_USAGE = YES_ERROR;
				CLANG_WARN_EMPTY_BODY = YES;
				CLANG_WARN_ENUM_CONVERSION = YES;
				CLANG_WARN_INT_CONVERSION = YES;
				CLANG_WARN_OBJC_ROOT_CLASS = YES_ERROR;
				CLANG_WARN_UNREACHABLE_CODE = YES;
				CLANG_WARN__DUPLICATE_METHOD_MATCH = YES;
				"CODE_SIGN_IDENTITY[sdk=iphoneos*]" = "iPhone Developer";
				COPY_PHASE_STRIP = YES;
				ENABLE_NS_ASSERTIONS = NO;
				ENABLE_STRICT_OBJC_MSGSEND = YES;
				GCC_C_LANGUAGE_STANDARD = gnu99;
				GCC_WARN_64_TO_32_BIT_CONVERSION = YES;
				GCC_WARN_ABOUT_RETURN_TYPE = YES_ERROR;
				GCC_WARN_UNDECLARED_SELECTOR = YES;
				GCC_WARN_UNINITIALIZED_AUTOS = YES_AGGRESSIVE;
				GCC_WARN_UNUSED_FUNCTION = YES;
				GCC_WARN_UNUSED_VARIABLE = YES;
				IPHONEOS_DEPLOYMENT_TARGET = 8.1;
				MTL_ENABLE_DEBUG_INFO = NO;
				SDKROOT = iphoneos8.1;
				TARGETED_DEVICE_FAMILY = "1,2";
				VALIDATE_PRODUCT = YES;
			};
			name = Release;
		};
		946E2EA21A1AD24C00FE227C /* Debug */ = {
			isa = XCBuildConfiguration;
			buildSettings = {
				ASSETCATALOG_COMPILER_APPICON_NAME = AppIcon;
				CLANG_ENABLE_OBJC_ARC = YES;
				CODE_SIGN_IDENTITY = "iPhone Developer";
				FRAMEWORK_SEARCH_PATHS = (
					"$(inherited)",
					/Users/Ryan/Developer,
					"$(SRCROOT)/../../../../Developer/OpenSSL-for-iPhone/include",
					"$(DEVELOPER_DIR)/Platforms/iPhoneOS.platform/Developer/SDKs/iPhoneOS.sdk/System/Library/PrivateFrameworks",
				);
				HEADER_SEARCH_PATHS = (
					"$(inherited)",
					/Applications/Xcode.app/Contents/Developer/Toolchains/XcodeDefault.xctoolchain/usr/include,
					"$(SRCROOT)/theos/include/**",
					"$(SRCROOT)/../../../../Developer/CertUI.framework/Headers",
					"$(SRCROOT)/../../../../Developer/OpenSSL-for-iPhone/include/OpenSSL.framework/Headers",
				);
				INFOPLIST_FILE = CertManager/Info.plist;
				IPHONEOS_DEPLOYMENT_TARGET = 8.1;
				LD_RUNPATH_SEARCH_PATHS = "$(inherited) @executable_path/Frameworks";
				LIBRARY_SEARCH_PATHS = (
					"$(inherited)",
					"/Users/Ryan/Developer/OpenSSL-for-iPhone/lib",
					"$(PROJECT_DIR)/CertManager/theos/lib",
				);
				PRODUCT_NAME = "$(TARGET_NAME)";
				SDKROOT = iphoneos8.1;
			};
			name = Debug;
		};
		946E2EA31A1AD24C00FE227C /* Release */ = {
			isa = XCBuildConfiguration;
			buildSettings = {
				ASSETCATALOG_COMPILER_APPICON_NAME = AppIcon;
				CLANG_ENABLE_OBJC_ARC = YES;
				CODE_SIGN_IDENTITY = "iPhone Developer";
				FRAMEWORK_SEARCH_PATHS = (
					"$(inherited)",
					/Users/Ryan/Developer,
					"$(SRCROOT)/../../../../Developer/OpenSSL-for-iPhone/include",
					"$(DEVELOPER_DIR)/Platforms/iPhoneOS.platform/Developer/SDKs/iPhoneOS.sdk/System/Library/PrivateFrameworks",
				);
				HEADER_SEARCH_PATHS = (
					"$(inherited)",
					/Applications/Xcode.app/Contents/Developer/Toolchains/XcodeDefault.xctoolchain/usr/include,
					"$(SRCROOT)/theos/include/**",
					"$(SRCROOT)/../../../../Developer/CertUI.framework/Headers",
					"$(SRCROOT)/../../../../Developer/OpenSSL-for-iPhone/include/OpenSSL.framework/Headers",
				);
				INFOPLIST_FILE = CertManager/Info.plist;
				IPHONEOS_DEPLOYMENT_TARGET = 8.1;
				LD_RUNPATH_SEARCH_PATHS = "$(inherited) @executable_path/Frameworks";
				LIBRARY_SEARCH_PATHS = (
					"$(inherited)",
					"/Users/Ryan/Developer/OpenSSL-for-iPhone/lib",
					"$(PROJECT_DIR)/CertManager/theos/lib",
				);
				PRODUCT_NAME = "$(TARGET_NAME)";
				SDKROOT = iphoneos8.1;
			};
			name = Release;
		};
		946E2EA51A1AD24C00FE227C /* Debug */ = {
			isa = XCBuildConfiguration;
			buildSettings = {
				BUNDLE_LOADER = "$(TEST_HOST)";
				FRAMEWORK_SEARCH_PATHS = (
					"$(SDKROOT)/Developer/Library/Frameworks",
					"$(inherited)",
				);
				GCC_PREPROCESSOR_DEFINITIONS = (
					"DEBUG=1",
					"$(inherited)",
				);
				INFOPLIST_FILE = CertManagerTests/Info.plist;
				LD_RUNPATH_SEARCH_PATHS = "$(inherited) @executable_path/Frameworks @loader_path/Frameworks";
				PRODUCT_NAME = "$(TARGET_NAME)";
				TEST_HOST = "$(BUILT_PRODUCTS_DIR)/CertManager.app/CertManager";
			};
			name = Debug;
		};
		946E2EA61A1AD24C00FE227C /* Release */ = {
			isa = XCBuildConfiguration;
			buildSettings = {
				BUNDLE_LOADER = "$(TEST_HOST)";
				FRAMEWORK_SEARCH_PATHS = (
					"$(SDKROOT)/Developer/Library/Frameworks",
					"$(inherited)",
				);
				INFOPLIST_FILE = CertManagerTests/Info.plist;
				LD_RUNPATH_SEARCH_PATHS = "$(inherited) @executable_path/Frameworks @loader_path/Frameworks";
				PRODUCT_NAME = "$(TARGET_NAME)";
				TEST_HOST = "$(BUILT_PRODUCTS_DIR)/CertManager.app/CertManager";
			};
			name = Release;
		};
/* End XCBuildConfiguration section */

/* Begin XCConfigurationList section */
		946E2E791A1AD24C00FE227C /* Build configuration list for PBXProject "CertManager" */ = {
			isa = XCConfigurationList;
			buildConfigurations = (
				946E2E9F1A1AD24C00FE227C /* Debug */,
				946E2EA01A1AD24C00FE227C /* Release */,
			);
			defaultConfigurationIsVisible = 0;
			defaultConfigurationName = Release;
		};
		946E2EA11A1AD24C00FE227C /* Build configuration list for PBXNativeTarget "CertManager" */ = {
			isa = XCConfigurationList;
			buildConfigurations = (
				946E2EA21A1AD24C00FE227C /* Debug */,
				946E2EA31A1AD24C00FE227C /* Release */,
			);
			defaultConfigurationIsVisible = 0;
			defaultConfigurationName = Release;
		};
		946E2EA41A1AD24C00FE227C /* Build configuration list for PBXNativeTarget "CertManagerTests" */ = {
			isa = XCConfigurationList;
			buildConfigurations = (
				946E2EA51A1AD24C00FE227C /* Debug */,
				946E2EA61A1AD24C00FE227C /* Release */,
			);
			defaultConfigurationIsVisible = 0;
			defaultConfigurationName = Release;
		};
/* End XCConfigurationList section */
	};
	rootObject = 946E2E761A1AD24C00FE227C /* Project object */;
}
